
Microsoft Visual Studio Solution File, Format Version 12.00
# Visual Studio Version 17
VisualStudioVersion = 17.5.33530.505
MinimumVisualStudioVersion = 10.0.40219.1
Project("{888888A0-9F3D-457C-B088-3A5042F75D52}") = "FordFalkerson", "FordFalkerson\FordFalkerson.pyproj", "{5D816640-519A-49E3-9C39-7EF26842F0C6}"
EndProject
Global
	GlobalSection(SolutionConfigurationPlatforms) = preSolution
		Debug|Any CPU = Debug|Any CPU
		Release|Any CPU = Release|Any CPU
	EndGlobalSection
	GlobalSection(ProjectConfigurationPlatforms) = postSolution
		{5D816640-519A-49E3-9C39-7EF26842F0C6}.Debug|Any CPU.ActiveCfg = Debug|Any CPU
		{5D816640-519A-49E3-9C39-7EF26842F0C6}.Release|Any CPU.ActiveCfg = Release|Any CPU
	EndGlobalSection
	GlobalSection(SolutionProperties) = preSolution
		HideSolutionNode = FALSE
	EndGlobalSection
	GlobalSection(ExtensibilityGlobals) = postSolution
		SolutionGuid = {A2E06B32-3402-4249-BDF0-0870E14F6139}
	EndGlobalSection
EndGlobal
